
Microsoft Visual Studio Solution File, Format Version 12.00
# Visual Studio 15
VisualStudioVersion = 15.0.27130.2027
MinimumVisualStudioVersion = 10.0.40219.1
Project("{FAE04EC0-301F-11D3-BF4B-00C04F79EFBC}") = "Trimedx.Healthcare.Model", "src\Trimedx.Healthcare.Model\Trimedx.Healthcare.Model.csproj", "{C115324F-C495-4698-ADA5-06BAC5BEB15E}"
EndProject
Project("{FAE04EC0-301F-11D3-BF4B-00C04F79EFBC}") = "Trimedx.Healthcare.Data", "src\Trimedx.Healthcare.Data\Trimedx.Healthcare.Data.csproj", "{2AB47F27-CB3A-4E66-A1C2-455D9641DB10}"
EndProject
Project("{9A19103F-16F7-4668-BE54-9A1E7A4F7556}") = "Trimedx.Healthcare.Service", "src\Trimedx.Healthcare.Service\Trimedx.Healthcare.Service.csproj", "{B8148CEC-182E-4B7E-9DAB-6A83F82E61F3}"
EndProject
Project("{FAE04EC0-301F-11D3-BF4B-00C04F79EFBC}") = "Trimedx.Healthcare.Common", "src\Trimedx.Healthcare.Common\Trimedx.Healthcare.Common.csproj", "{7E6F0E51-3802-4887-997D-59775ACDB4F2}"
EndProject
Project("{9A19103F-16F7-4668-BE54-9A1E7A4F7556}") = "Trimedx.Healthcare.ReportService", "src\Trimedx.Healthcare.ReportService\Trimedx.Healthcare.ReportService.csproj", "{7E05E6CE-451E-4B65-9BBB-8D1C98CB0BF0}"
EndProject
Global
	GlobalSection(SolutionConfigurationPlatforms) = preSolution
		Debug|Any CPU = Debug|Any CPU
		Release|Any CPU = Release|Any CPU
	EndGlobalSection
	GlobalSection(ProjectConfigurationPlatforms) = postSolution
		{C115324F-C495-4698-ADA5-06BAC5BEB15E}.Debug|Any CPU.ActiveCfg = Debug|Any CPU
		{C115324F-C495-4698-ADA5-06BAC5BEB15E}.Debug|Any CPU.Build.0 = Debug|Any CPU
		{C115324F-C495-4698-ADA5-06BAC5BEB15E}.Release|Any CPU.ActiveCfg = Release|Any CPU
		{C115324F-C495-4698-ADA5-06BAC5BEB15E}.Release|Any CPU.Build.0 = Release|Any CPU
		{2AB47F27-CB3A-4E66-A1C2-455D9641DB10}.Debug|Any CPU.ActiveCfg = Debug|Any CPU
		{2AB47F27-CB3A-4E66-A1C2-455D9641DB10}.Debug|Any CPU.Build.0 = Debug|Any CPU
		{2AB47F27-CB3A-4E66-A1C2-455D9641DB10}.Release|Any CPU.ActiveCfg = Release|Any CPU
		{2AB47F27-CB3A-4E66-A1C2-455D9641DB10}.Release|Any CPU.Build.0 = Release|Any CPU
		{B8148CEC-182E-4B7E-9DAB-6A83F82E61F3}.Debug|Any CPU.ActiveCfg = Debug|Any CPU
		{B8148CEC-182E-4B7E-9DAB-6A83F82E61F3}.Debug|Any CPU.Build.0 = Debug|Any CPU
		{B8148CEC-182E-4B7E-9DAB-6A83F82E61F3}.Release|Any CPU.ActiveCfg = Release|Any CPU
		{B8148CEC-182E-4B7E-9DAB-6A83F82E61F3}.Release|Any CPU.Build.0 = Release|Any CPU
		{7E6F0E51-3802-4887-997D-59775ACDB4F2}.Debug|Any CPU.ActiveCfg = Debug|Any CPU
		{7E6F0E51-3802-4887-997D-59775ACDB4F2}.Debug|Any CPU.Build.0 = Debug|Any CPU
		{7E6F0E51-3802-4887-997D-59775ACDB4F2}.Release|Any CPU.ActiveCfg = Release|Any CPU
		{7E6F0E51-3802-4887-997D-59775ACDB4F2}.Release|Any CPU.Build.0 = Release|Any CPU
		{7E05E6CE-451E-4B65-9BBB-8D1C98CB0BF0}.Debug|Any CPU.ActiveCfg = Debug|Any CPU
		{7E05E6CE-451E-4B65-9BBB-8D1C98CB0BF0}.Debug|Any CPU.Build.0 = Debug|Any CPU
		{7E05E6CE-451E-4B65-9BBB-8D1C98CB0BF0}.Release|Any CPU.ActiveCfg = Release|Any CPU
		{7E05E6CE-451E-4B65-9BBB-8D1C98CB0BF0}.Release|Any CPU.Build.0 = Release|Any CPU
	EndGlobalSection
	GlobalSection(SolutionProperties) = preSolution
		HideSolutionNode = FALSE
	EndGlobalSection
	GlobalSection(ExtensibilityGlobals) = postSolution
		SolutionGuid = {D5D36F84-0CAA-490C-A777-816ACAA6BADE}
	EndGlobalSection
EndGlobal
